// !$*UTF8*$!
{
	archiveVersion = 1;
	classes = {
	};
	objectVersion = 56;
	objects = {

/* Begin PBXBuildFile section */
		3FC7A2542BDB2F0600489DA9 /* ContentView.swift in Sources */ = {isa = PBXBuildFile; fileRef = 3FC7A2532BDB2F0600489DA9 /* ContentView.swift */; };
		3FC7A2562BDB2F0600489DA9 /* Assets.xcassets in Resources */ = {isa = PBXBuildFile; fileRef = 3FC7A2552BDB2F0600489DA9 /* Assets.xcassets */; };
		3FC7A2592BDB2F0600489DA9 /* Preview Assets.xcassets in Resources */ = {isa = PBXBuildFile; fileRef = 3FC7A2582BDB2F0600489DA9 /* Preview Assets.xcassets */; };
		3FC7A25C2BDB2F0600489DA9 /* WatchLandmarks Watch App.app in Embed Watch Content */ = {isa = PBXBuildFile; fileRef = 3FC7A24F2BDB2F0600489DA9 /* WatchLandmarks Watch App.app */; settings = {ATTRIBUTES = (RemoveHeadersOnCopy, ); }; };
		3FC7A2612BDB30B200489DA9 /* MapView.swift in Sources */ = {isa = PBXBuildFile; fileRef = 3FD969612BD0EA2A00E50543 /* MapView.swift */; };
		3FC7A2622BDB30B200489DA9 /* Landmark.swift in Sources */ = {isa = PBXBuildFile; fileRef = 3FD969652BD0EFA300E50543 /* Landmark.swift */; };
		3FC7A2632BDB30B200489DA9 /* Profile.swift in Sources */ = {isa = PBXBuildFile; fileRef = 3FC991212BDA1563000F693E /* Profile.swift */; };
		3FC7A2642BDB30B200489DA9 /* LandmarksApp.swift in Sources */ = {isa = PBXBuildFile; fileRef = 3FD969352BD0DC4300E50543 /* LandmarksApp.swift */; };
		3FC7A2652BDB30B200489DA9 /* LandmarkList.swift in Sources */ = {isa = PBXBuildFile; fileRef = 3FD9696E2BD1F7CC00E50543 /* LandmarkList.swift */; };
		3FC7A2662BDB30B200489DA9 /* LandmarkRow.swift in Sources */ = {isa = PBXBuildFile; fileRef = 3FD9696C2BD1F4B300E50543 /* LandmarkRow.swift */; };
		3FC7A2672BDB30B200489DA9 /* CircleImage.swift in Sources */ = {isa = PBXBuildFile; fileRef = 3FD9695F2BD0E88F00E50543 /* CircleImage.swift */; };
		3FC7A2682BDB30B200489DA9 /* ModelData.swift in Sources */ = {isa = PBXBuildFile; fileRef = 3FD969672BD0F24B00E50543 /* ModelData.swift */; };
		3FC7A2692BDB30B200489DA9 /* Hike.swift in Sources */ = {isa = PBXBuildFile; fileRef = 3FD969852BD2154200E50543 /* Hike.swift */; };
		3FC7A26A2BDB30B200489DA9 /* hikeData.json in Resources */ = {isa = PBXBuildFile; fileRef = 3FD969832BD2152F00E50543 /* hikeData.json */; };
		3FC7A26B2BDB30B200489DA9 /* landmarkData.json in Resources */ = {isa = PBXBuildFile; fileRef = 3FD969632BD0EF7800E50543 /* landmarkData.json */; };
		3FC7A26C2BDB30B200489DA9 /* Assets.xcassets in Resources */ = {isa = PBXBuildFile; fileRef = 3FD969392BD0DC4400E50543 /* Assets.xcassets */; };
		3FC7A26E2BDB317900489DA9 /* LandmarkDetail.swift in Sources */ = {isa = PBXBuildFile; fileRef = 3FC7A26D2BDB317900489DA9 /* LandmarkDetail.swift */; };
		3FC7A2702BDB357500489DA9 /* NotificationView.swift in Sources */ = {isa = PBXBuildFile; fileRef = 3FC7A26F2BDB357500489DA9 /* NotificationView.swift */; };
		3FC7A2722BDB368D00489DA9 /* NotificationController.swift in Sources */ = {isa = PBXBuildFile; fileRef = 3FC7A2712BDB368D00489DA9 /* NotificationController.swift */; };
		3FC991222BDA1563000F693E /* Profile.swift in Sources */ = {isa = PBXBuildFile; fileRef = 3FC991212BDA1563000F693E /* Profile.swift */; };
		3FC991262BDA162F000F693E /* ProfileHost.swift in Sources */ = {isa = PBXBuildFile; fileRef = 3FC991252BDA162F000F693E /* ProfileHost.swift */; };
		3FC991282BDA167F000F693E /* ProfileSummary.swift in Sources */ = {isa = PBXBuildFile; fileRef = 3FC991272BDA167F000F693E /* ProfileSummary.swift */; };
		3FC9912A2BDA17EA000F693E /* HikeBadge.swift in Sources */ = {isa = PBXBuildFile; fileRef = 3FC991292BDA17EA000F693E /* HikeBadge.swift */; };
		3FC9912C2BDA1CB4000F693E /* ProfileEditor.swift in Sources */ = {isa = PBXBuildFile; fileRef = 3FC9912B2BDA1CB4000F693E /* ProfileEditor.swift */; };
		3FC9912F2BDA211F000F693E /* PageViewController.swift in Sources */ = {isa = PBXBuildFile; fileRef = 3FC9912E2BDA211F000F693E /* PageViewController.swift */; };
		3FC991312BDA22BE000F693E /* FeatureCard.swift in Sources */ = {isa = PBXBuildFile; fileRef = 3FC991302BDA22BE000F693E /* FeatureCard.swift */; };
		3FC991332BDA2398000F693E /* PageView.swift in Sources */ = {isa = PBXBuildFile; fileRef = 3FC991322BDA2398000F693E /* PageView.swift */; };
		3FC991352BDA28C7000F693E /* PageControl.swift in Sources */ = {isa = PBXBuildFile; fileRef = 3FC991342BDA28C7000F693E /* PageControl.swift */; };
		3FD969362BD0DC4300E50543 /* LandmarksApp.swift in Sources */ = {isa = PBXBuildFile; fileRef = 3FD969352BD0DC4300E50543 /* LandmarksApp.swift */; };
		3FD969382BD0DC4300E50543 /* ContentView.swift in Sources */ = {isa = PBXBuildFile; fileRef = 3FD969372BD0DC4300E50543 /* ContentView.swift */; };
		3FD9693A2BD0DC4400E50543 /* Assets.xcassets in Resources */ = {isa = PBXBuildFile; fileRef = 3FD969392BD0DC4400E50543 /* Assets.xcassets */; };
		3FD9693D2BD0DC4400E50543 /* Preview Assets.xcassets in Resources */ = {isa = PBXBuildFile; fileRef = 3FD9693C2BD0DC4400E50543 /* Preview Assets.xcassets */; };
		3FD969472BD0DC4400E50543 /* LandmarksTests.swift in Sources */ = {isa = PBXBuildFile; fileRef = 3FD969462BD0DC4400E50543 /* LandmarksTests.swift */; };
		3FD969512BD0DC4400E50543 /* LandmarksUITests.swift in Sources */ = {isa = PBXBuildFile; fileRef = 3FD969502BD0DC4400E50543 /* LandmarksUITests.swift */; };
		3FD969532BD0DC4400E50543 /* LandmarksUITestsLaunchTests.swift in Sources */ = {isa = PBXBuildFile; fileRef = 3FD969522BD0DC4400E50543 /* LandmarksUITestsLaunchTests.swift */; };
		3FD969602BD0E88F00E50543 /* CircleImage.swift in Sources */ = {isa = PBXBuildFile; fileRef = 3FD9695F2BD0E88F00E50543 /* CircleImage.swift */; };
		3FD969622BD0EA2A00E50543 /* MapView.swift in Sources */ = {isa = PBXBuildFile; fileRef = 3FD969612BD0EA2A00E50543 /* MapView.swift */; };
		3FD969642BD0EF7800E50543 /* landmarkData.json in Resources */ = {isa = PBXBuildFile; fileRef = 3FD969632BD0EF7800E50543 /* landmarkData.json */; };
		3FD969662BD0EFA300E50543 /* Landmark.swift in Sources */ = {isa = PBXBuildFile; fileRef = 3FD969652BD0EFA300E50543 /* Landmark.swift */; };
		3FD969682BD0F24B00E50543 /* ModelData.swift in Sources */ = {isa = PBXBuildFile; fileRef = 3FD969672BD0F24B00E50543 /* ModelData.swift */; };
		3FD9696D2BD1F4B300E50543 /* LandmarkRow.swift in Sources */ = {isa = PBXBuildFile; fileRef = 3FD9696C2BD1F4B300E50543 /* LandmarkRow.swift */; };
		3FD9696F2BD1F7CC00E50543 /* LandmarkList.swift in Sources */ = {isa = PBXBuildFile; fileRef = 3FD9696E2BD1F7CC00E50543 /* LandmarkList.swift */; };
		3FD969732BD1FA3900E50543 /* LandmarkDetail.swift in Sources */ = {isa = PBXBuildFile; fileRef = 3FD969722BD1FA3900E50543 /* LandmarkDetail.swift */; };
		3FD969752BD206DE00E50543 /* FavoriteButton.swift in Sources */ = {isa = PBXBuildFile; fileRef = 3FD969742BD206DE00E50543 /* FavoriteButton.swift */; };
		3FD969792BD20B8300E50543 /* HexagonParameters.swift in Sources */ = {isa = PBXBuildFile; fileRef = 3FD969782BD20B8300E50543 /* HexagonParameters.swift */; };
		3FD9697B2BD20CE100E50543 /* BadgeBackground.swift in Sources */ = {isa = PBXBuildFile; fileRef = 3FD9697A2BD20CE100E50543 /* BadgeBackground.swift */; };
		3FD9697D2BD211D700E50543 /* BadgeSymbol.swift in Sources */ = {isa = PBXBuildFile; fileRef = 3FD9697C2BD211D700E50543 /* BadgeSymbol.swift */; };
		3FD9697F2BD212D600E50543 /* RotatedBadgeSymbol.swift in Sources */ = {isa = PBXBuildFile; fileRef = 3FD9697E2BD212D600E50543 /* RotatedBadgeSymbol.swift */; };
		3FD969812BD2131A00E50543 /* Badge.swift in Sources */ = {isa = PBXBuildFile; fileRef = 3FD969802BD2131A00E50543 /* Badge.swift */; };
		3FD969842BD2152F00E50543 /* hikeData.json in Resources */ = {isa = PBXBuildFile; fileRef = 3FD969832BD2152F00E50543 /* hikeData.json */; };
		3FD969862BD2154200E50543 /* Hike.swift in Sources */ = {isa = PBXBuildFile; fileRef = 3FD969852BD2154200E50543 /* Hike.swift */; };
		3FD9698C2BD2159900E50543 /* GraphCapsule.swift in Sources */ = {isa = PBXBuildFile; fileRef = 3FD969882BD2159900E50543 /* GraphCapsule.swift */; };
		3FD9698D2BD2159900E50543 /* HikeGraph.swift in Sources */ = {isa = PBXBuildFile; fileRef = 3FD969892BD2159900E50543 /* HikeGraph.swift */; };
		3FD9698E2BD2159900E50543 /* HikeDetail.swift in Sources */ = {isa = PBXBuildFile; fileRef = 3FD9698A2BD2159900E50543 /* HikeDetail.swift */; };
		3FD9698F2BD2159900E50543 /* HikeView.swift in Sources */ = {isa = PBXBuildFile; fileRef = 3FD9698B2BD2159900E50543 /* HikeView.swift */; };
		3FD969922BD21B4500E50543 /* CategoryHome.swift in Sources */ = {isa = PBXBuildFile; fileRef = 3FD969912BD21B4500E50543 /* CategoryHome.swift */; };
		3FD969942BD21CC500E50543 /* CategoryRow.swift in Sources */ = {isa = PBXBuildFile; fileRef = 3FD969932BD21CC500E50543 /* CategoryRow.swift */; };
		3FD969962BD21E2300E50543 /* CategoryItem.swift in Sources */ = {isa = PBXBuildFile; fileRef = 3FD969952BD21E2300E50543 /* CategoryItem.swift */; };
/* End PBXBuildFile section */

/* Begin PBXContainerItemProxy section */
		3FC7A25A2BDB2F0600489DA9 /* PBXContainerItemProxy */ = {
			isa = PBXContainerItemProxy;
			containerPortal = 3FD9692A2BD0DC4300E50543 /* Project object */;
			proxyType = 1;
			remoteGlobalIDString = 3FC7A24E2BDB2F0500489DA9;
			remoteInfo = "WatchLandmarks Watch App";
		};
		3FD969432BD0DC4400E50543 /* PBXContainerItemProxy */ = {
			isa = PBXContainerItemProxy;
			containerPortal = 3FD9692A2BD0DC4300E50543 /* Project object */;
			proxyType = 1;
			remoteGlobalIDString = 3FD969312BD0DC4300E50543;
			remoteInfo = Landmarks;
		};
		3FD9694D2BD0DC4400E50543 /* PBXContainerItemProxy */ = {
			isa = PBXContainerItemProxy;
			containerPortal = 3FD9692A2BD0DC4300E50543 /* Project object */;
			proxyType = 1;
			remoteGlobalIDString = 3FD969312BD0DC4300E50543;
			remoteInfo = Landmarks;
		};
/* End PBXContainerItemProxy section */

/* Begin PBXCopyFilesBuildPhase section */
		3FC7A25D2BDB2F0600489DA9 /* Embed Watch Content */ = {
			isa = PBXCopyFilesBuildPhase;
			buildActionMask = 2147483647;
			dstPath = "$(CONTENTS_FOLDER_PATH)/Watch";
			dstSubfolderSpec = 16;
			files = (
				3FC7A25C2BDB2F0600489DA9 /* WatchLandmarks Watch App.app in Embed Watch Content */,
			);
			name = "Embed Watch Content";
			runOnlyForDeploymentPostprocessing = 0;
		};
/* End PBXCopyFilesBuildPhase section */

/* Begin PBXFileReference section */
		3FC7A24F2BDB2F0600489DA9 /* WatchLandmarks Watch App.app */ = {isa = PBXFileReference; explicitFileType = wrapper.application; includeInIndex = 0; path = "WatchLandmarks Watch App.app"; sourceTree = BUILT_PRODUCTS_DIR; };
		3FC7A2532BDB2F0600489DA9 /* ContentView.swift */ = {isa = PBXFileReference; lastKnownFileType = sourcecode.swift; path = ContentView.swift; sourceTree = "<group>"; };
		3FC7A2552BDB2F0600489DA9 /* Assets.xcassets */ = {isa = PBXFileReference; lastKnownFileType = folder.assetcatalog; path = Assets.xcassets; sourceTree = "<group>"; };
		3FC7A2582BDB2F0600489DA9 /* Preview Assets.xcassets */ = {isa = PBXFileReference; lastKnownFileType = folder.assetcatalog; path = "Preview Assets.xcassets"; sourceTree = "<group>"; };
		3FC7A26D2BDB317900489DA9 /* LandmarkDetail.swift */ = {isa = PBXFileReference; lastKnownFileType = sourcecode.swift; path = LandmarkDetail.swift; sourceTree = "<group>"; };
		3FC7A26F2BDB357500489DA9 /* NotificationView.swift */ = {isa = PBXFileReference; lastKnownFileType = sourcecode.swift; path = NotificationView.swift; sourceTree = "<group>"; };
		3FC7A2712BDB368D00489DA9 /* NotificationController.swift */ = {isa = PBXFileReference; lastKnownFileType = sourcecode.swift; path = NotificationController.swift; sourceTree = "<group>"; };
		3FC7A2742BDB3C4100489DA9 /* PushNotificationPayload.apns */ = {isa = PBXFileReference; lastKnownFileType = text; path = PushNotificationPayload.apns; sourceTree = "<group>"; };
		3FC991212BDA1563000F693E /* Profile.swift */ = {isa = PBXFileReference; lastKnownFileType = sourcecode.swift; path = Profile.swift; sourceTree = "<group>"; };
		3FC991252BDA162F000F693E /* ProfileHost.swift */ = {isa = PBXFileReference; lastKnownFileType = sourcecode.swift; path = ProfileHost.swift; sourceTree = "<group>"; };
		3FC991272BDA167F000F693E /* ProfileSummary.swift */ = {isa = PBXFileReference; lastKnownFileType = sourcecode.swift; path = ProfileSummary.swift; sourceTree = "<group>"; };
		3FC991292BDA17EA000F693E /* HikeBadge.swift */ = {isa = PBXFileReference; lastKnownFileType = sourcecode.swift; path = HikeBadge.swift; sourceTree = "<group>"; };
		3FC9912B2BDA1CB4000F693E /* ProfileEditor.swift */ = {isa = PBXFileReference; lastKnownFileType = sourcecode.swift; path = ProfileEditor.swift; sourceTree = "<group>"; };
		3FC9912E2BDA211F000F693E /* PageViewController.swift */ = {isa = PBXFileReference; lastKnownFileType = sourcecode.swift; path = PageViewController.swift; sourceTree = "<group>"; };
		3FC991302BDA22BE000F693E /* FeatureCard.swift */ = {isa = PBXFileReference; lastKnownFileType = sourcecode.swift; path = FeatureCard.swift; sourceTree = "<group>"; };
		3FC991322BDA2398000F693E /* PageView.swift */ = {isa = PBXFileReference; lastKnownFileType = sourcecode.swift; path = PageView.swift; sourceTree = "<group>"; };
		3FC991342BDA28C7000F693E /* PageControl.swift */ = {isa = PBXFileReference; lastKnownFileType = sourcecode.swift; path = PageControl.swift; sourceTree = "<group>"; };
		3FD969322BD0DC4300E50543 /* Landmarks.app */ = {isa = PBXFileReference; explicitFileType = wrapper.application; includeInIndex = 0; path = Landmarks.app; sourceTree = BUILT_PRODUCTS_DIR; };
		3FD969352BD0DC4300E50543 /* LandmarksApp.swift */ = {isa = PBXFileReference; lastKnownFileType = sourcecode.swift; path = LandmarksApp.swift; sourceTree = "<group>"; };
		3FD969372BD0DC4300E50543 /* ContentView.swift */ = {isa = PBXFileReference; lastKnownFileType = sourcecode.swift; path = ContentView.swift; sourceTree = "<group>"; };
		3FD969392BD0DC4400E50543 /* Assets.xcassets */ = {isa = PBXFileReference; lastKnownFileType = folder.assetcatalog; path = Assets.xcassets; sourceTree = "<group>"; };
		3FD9693C2BD0DC4400E50543 /* Preview Assets.xcassets */ = {isa = PBXFileReference; lastKnownFileType = folder.assetcatalog; path = "Preview Assets.xcassets"; sourceTree = "<group>"; };
		3FD969422BD0DC4400E50543 /* LandmarksTests.xctest */ = {isa = PBXFileReference; explicitFileType = wrapper.cfbundle; includeInIndex = 0; path = LandmarksTests.xctest; sourceTree = BUILT_PRODUCTS_DIR; };
		3FD969462BD0DC4400E50543 /* LandmarksTests.swift */ = {isa = PBXFileReference; lastKnownFileType = sourcecode.swift; path = LandmarksTests.swift; sourceTree = "<group>"; };
		3FD9694C2BD0DC4400E50543 /* LandmarksUITests.xctest */ = {isa = PBXFileReference; explicitFileType = wrapper.cfbundle; includeInIndex = 0; path = LandmarksUITests.xctest; sourceTree = BUILT_PRODUCTS_DIR; };
		3FD969502BD0DC4400E50543 /* LandmarksUITests.swift */ = {isa = PBXFileReference; lastKnownFileType = sourcecode.swift; path = LandmarksUITests.swift; sourceTree = "<group>"; };
		3FD969522BD0DC4400E50543 /* LandmarksUITestsLaunchTests.swift */ = {isa = PBXFileReference; lastKnownFileType = sourcecode.swift; path = LandmarksUITestsLaunchTests.swift; sourceTree = "<group>"; };
		3FD9695F2BD0E88F00E50543 /* CircleImage.swift */ = {isa = PBXFileReference; lastKnownFileType = sourcecode.swift; path = CircleImage.swift; sourceTree = "<group>"; };
		3FD969612BD0EA2A00E50543 /* MapView.swift */ = {isa = PBXFileReference; lastKnownFileType = sourcecode.swift; path = MapView.swift; sourceTree = "<group>"; };
		3FD969632BD0EF7800E50543 /* landmarkData.json */ = {isa = PBXFileReference; fileEncoding = 4; lastKnownFileType = text.json; path = landmarkData.json; sourceTree = "<group>"; };
		3FD969652BD0EFA300E50543 /* Landmark.swift */ = {isa = PBXFileReference; lastKnownFileType = sourcecode.swift; path = Landmark.swift; sourceTree = "<group>"; };
		3FD969672BD0F24B00E50543 /* ModelData.swift */ = {isa = PBXFileReference; lastKnownFileType = sourcecode.swift; path = ModelData.swift; sourceTree = "<group>"; };
		3FD9696C2BD1F4B300E50543 /* LandmarkRow.swift */ = {isa = PBXFileReference; lastKnownFileType = sourcecode.swift; path = LandmarkRow.swift; sourceTree = "<group>"; };
		3FD9696E2BD1F7CC00E50543 /* LandmarkList.swift */ = {isa = PBXFileReference; lastKnownFileType = sourcecode.swift; path = LandmarkList.swift; sourceTree = "<group>"; };
		3FD969722BD1FA3900E50543 /* LandmarkDetail.swift */ = {isa = PBXFileReference; lastKnownFileType = sourcecode.swift; path = LandmarkDetail.swift; sourceTree = "<group>"; };
		3FD969742BD206DE00E50543 /* FavoriteButton.swift */ = {isa = PBXFileReference; lastKnownFileType = sourcecode.swift; path = FavoriteButton.swift; sourceTree = "<group>"; };
		3FD969782BD20B8300E50543 /* HexagonParameters.swift */ = {isa = PBXFileReference; lastKnownFileType = sourcecode.swift; path = HexagonParameters.swift; sourceTree = "<group>"; };
		3FD9697A2BD20CE100E50543 /* BadgeBackground.swift */ = {isa = PBXFileReference; lastKnownFileType = sourcecode.swift; path = BadgeBackground.swift; sourceTree = "<group>"; };
		3FD9697C2BD211D700E50543 /* BadgeSymbol.swift */ = {isa = PBXFileReference; lastKnownFileType = sourcecode.swift; path = BadgeSymbol.swift; sourceTree = "<group>"; };
		3FD9697E2BD212D600E50543 /* RotatedBadgeSymbol.swift */ = {isa = PBXFileReference; lastKnownFileType = sourcecode.swift; path = RotatedBadgeSymbol.swift; sourceTree = "<group>"; };
		3FD969802BD2131A00E50543 /* Badge.swift */ = {isa = PBXFileReference; lastKnownFileType = sourcecode.swift; path = Badge.swift; sourceTree = "<group>"; };
		3FD969832BD2152F00E50543 /* hikeData.json */ = {isa = PBXFileReference; fileEncoding = 4; lastKnownFileType = text.json; path = hikeData.json; sourceTree = "<group>"; };
		3FD969852BD2154200E50543 /* Hike.swift */ = {isa = PBXFileReference; lastKnownFileType = sourcecode.swift; path = Hike.swift; sourceTree = "<group>"; };
		3FD969882BD2159900E50543 /* GraphCapsule.swift */ = {isa = PBXFileReference; fileEncoding = 4; lastKnownFileType = sourcecode.swift; path = GraphCapsule.swift; sourceTree = "<group>"; };
		3FD969892BD2159900E50543 /* HikeGraph.swift */ = {isa = PBXFileReference; fileEncoding = 4; lastKnownFileType = sourcecode.swift; path = HikeGraph.swift; sourceTree = "<group>"; };
		3FD9698A2BD2159900E50543 /* HikeDetail.swift */ = {isa = PBXFileReference; fileEncoding = 4; lastKnownFileType = sourcecode.swift; path = HikeDetail.swift; sourceTree = "<group>"; };
		3FD9698B2BD2159900E50543 /* HikeView.swift */ = {isa = PBXFileReference; fileEncoding = 4; lastKnownFileType = sourcecode.swift; path = HikeView.swift; sourceTree = "<group>"; };
		3FD969912BD21B4500E50543 /* CategoryHome.swift */ = {isa = PBXFileReference; lastKnownFileType = sourcecode.swift; path = CategoryHome.swift; sourceTree = "<group>"; };
		3FD969932BD21CC500E50543 /* CategoryRow.swift */ = {isa = PBXFileReference; lastKnownFileType = sourcecode.swift; path = CategoryRow.swift; sourceTree = "<group>"; };
		3FD969952BD21E2300E50543 /* CategoryItem.swift */ = {isa = PBXFileReference; lastKnownFileType = sourcecode.swift; path = CategoryItem.swift; sourceTree = "<group>"; };
/* End PBXFileReference section */

/* Begin PBXFrameworksBuildPhase section */
		3FC7A24C2BDB2F0500489DA9 /* Frameworks */ = {
			isa = PBXFrameworksBuildPhase;
			buildActionMask = 2147483647;
			files = (
			);
			runOnlyForDeploymentPostprocessing = 0;
		};
		3FD9692F2BD0DC4300E50543 /* Frameworks */ = {
			isa = PBXFrameworksBuildPhase;
			buildActionMask = 2147483647;
			files = (
			);
			runOnlyForDeploymentPostprocessing = 0;
		};
		3FD9693F2BD0DC4400E50543 /* Frameworks */ = {
			isa = PBXFrameworksBuildPhase;
			buildActionMask = 2147483647;
			files = (
			);
			runOnlyForDeploymentPostprocessing = 0;
		};
		3FD969492BD0DC4400E50543 /* Frameworks */ = {
			isa = PBXFrameworksBuildPhase;
			buildActionMask = 2147483647;
			files = (
			);
			runOnlyForDeploymentPostprocessing = 0;
		};
/* End PBXFrameworksBuildPhase section */

/* Begin PBXGroup section */
		3FC7A2502BDB2F0600489DA9 /* WatchLandmarks Watch App */ = {
			isa = PBXGroup;
			children = (
				3FC7A2752BDB3E0700489DA9 /* Views */,
				3FC7A2532BDB2F0600489DA9 /* ContentView.swift */,
				3FC7A2552BDB2F0600489DA9 /* Assets.xcassets */,
				3FC7A2572BDB2F0600489DA9 /* Preview Content */,
				3FC7A26D2BDB317900489DA9 /* LandmarkDetail.swift */,
				3FC7A26F2BDB357500489DA9 /* NotificationView.swift */,
				3FC7A2712BDB368D00489DA9 /* NotificationController.swift */,
				3FC7A2742BDB3C4100489DA9 /* PushNotificationPayload.apns */,
			);
			path = "WatchLandmarks Watch App";
			sourceTree = "<group>";
		};
		3FC7A2572BDB2F0600489DA9 /* Preview Content */ = {
			isa = PBXGroup;
			children = (
				3FC7A2582BDB2F0600489DA9 /* Preview Assets.xcassets */,
			);
			path = "Preview Content";
			sourceTree = "<group>";
		};
		3FC7A2752BDB3E0700489DA9 /* Views */ = {
			isa = PBXGroup;
			children = (
			);
			path = Views;
			sourceTree = "<group>";
		};
		3FC991242BDA1614000F693E /* Profiles */ = {
			isa = PBXGroup;
			children = (
				3FC991252BDA162F000F693E /* ProfileHost.swift */,
				3FC991272BDA167F000F693E /* ProfileSummary.swift */,
				3FC9912B2BDA1CB4000F693E /* ProfileEditor.swift */,
			);
			path = Profiles;
			sourceTree = "<group>";
		};
		3FC9912D2BDA20EF000F693E /* PageView */ = {
			isa = PBXGroup;
			children = (
				3FC991322BDA2398000F693E /* PageView.swift */,
				3FC9912E2BDA211F000F693E /* PageViewController.swift */,
				3FC991342BDA28C7000F693E /* PageControl.swift */,
			);
			path = PageView;
			sourceTree = "<group>";
		};
		3FD969292BD0DC4300E50543 = {
			isa = PBXGroup;
			children = (
				3FD969342BD0DC4300E50543 /* Landmarks */,
				3FD969452BD0DC4400E50543 /* LandmarksTests */,
				3FD9694F2BD0DC4400E50543 /* LandmarksUITests */,
				3FC7A2502BDB2F0600489DA9 /* WatchLandmarks Watch App */,
				3FD969332BD0DC4300E50543 /* Products */,
			);
			sourceTree = "<group>";
		};
		3FD969332BD0DC4300E50543 /* Products */ = {
			isa = PBXGroup;
			children = (
				3FD969322BD0DC4300E50543 /* Landmarks.app */,
				3FD969422BD0DC4400E50543 /* LandmarksTests.xctest */,
				3FD9694C2BD0DC4400E50543 /* LandmarksUITests.xctest */,
				3FC7A24F2BDB2F0600489DA9 /* WatchLandmarks Watch App.app */,
			);
			name = Products;
			sourceTree = "<group>";
		};
		3FD969342BD0DC4300E50543 /* Landmarks */ = {
			isa = PBXGroup;
			children = (
				3FD969352BD0DC4300E50543 /* LandmarksApp.swift */,
				3FD969692BD0F31000E50543 /* Views */,
				3FD9696A2BD0F33700E50543 /* Model */,
				3FD9696B2BD0F37000E50543 /* Resources */,
				3FD969392BD0DC4400E50543 /* Assets.xcassets */,
				3FD9693B2BD0DC4400E50543 /* Preview Content */,
			);
			path = Landmarks;
			sourceTree = "<group>";
		};
		3FD9693B2BD0DC4400E50543 /* Preview Content */ = {
			isa = PBXGroup;
			children = (
				3FD9693C2BD0DC4400E50543 /* Preview Assets.xcassets */,
			);
			path = "Preview Content";
			sourceTree = "<group>";
		};
		3FD969452BD0DC4400E50543 /* LandmarksTests */ = {
			isa = PBXGroup;
			children = (
				3FD969462BD0DC4400E50543 /* LandmarksTests.swift */,
			);
			path = LandmarksTests;
			sourceTree = "<group>";
		};
		3FD9694F2BD0DC4400E50543 /* LandmarksUITests */ = {
			isa = PBXGroup;
			children = (
				3FD969502BD0DC4400E50543 /* LandmarksUITests.swift */,
				3FD969522BD0DC4400E50543 /* LandmarksUITestsLaunchTests.swift */,
			);
			path = LandmarksUITests;
			sourceTree = "<group>";
		};
		3FD969692BD0F31000E50543 /* Views */ = {
			isa = PBXGroup;
			children = (
				3FC991302BDA22BE000F693E /* FeatureCard.swift */,
				3FD969372BD0DC4300E50543 /* ContentView.swift */,
				3FD969902BD21B2B00E50543 /* Categories */,
				3FD969762BD207A500E50543 /* Landmarks */,
				3FC9912D2BDA20EF000F693E /* PageView */,
				3FC991242BDA1614000F693E /* Profiles */,
				3FD969822BD213FC00E50543 /* Badges */,
				3FD969872BD2159900E50543 /* Hikes */,
				3FD969772BD207C200E50543 /* Helpers */,
			);
			path = Views;
			sourceTree = "<group>";
		};
		3FD9696A2BD0F33700E50543 /* Model */ = {
			isa = PBXGroup;
			children = (
				3FC991212BDA1563000F693E /* Profile.swift */,
				3FD969672BD0F24B00E50543 /* ModelData.swift */,
				3FD969652BD0EFA300E50543 /* Landmark.swift */,
				3FD969852BD2154200E50543 /* Hike.swift */,
			);
			path = Model;
			sourceTree = "<group>";
		};
		3FD9696B2BD0F37000E50543 /* Resources */ = {
			isa = PBXGroup;
			children = (
				3FD969832BD2152F00E50543 /* hikeData.json */,
				3FD969632BD0EF7800E50543 /* landmarkData.json */,
			);
			path = Resources;
			sourceTree = "<group>";
		};
		3FD969762BD207A500E50543 /* Landmarks */ = {
			isa = PBXGroup;
			children = (
				3FD9696E2BD1F7CC00E50543 /* LandmarkList.swift */,
				3FD9696C2BD1F4B300E50543 /* LandmarkRow.swift */,
				3FD969722BD1FA3900E50543 /* LandmarkDetail.swift */,
			);
			path = Landmarks;
			sourceTree = "<group>";
		};
		3FD969772BD207C200E50543 /* Helpers */ = {
			isa = PBXGroup;
			children = (
				3FD9695F2BD0E88F00E50543 /* CircleImage.swift */,
				3FD969612BD0EA2A00E50543 /* MapView.swift */,
				3FD969742BD206DE00E50543 /* FavoriteButton.swift */,
			);
			path = Helpers;
			sourceTree = "<group>";
		};
		3FD969822BD213FC00E50543 /* Badges */ = {
			isa = PBXGroup;
			children = (
				3FD969802BD2131A00E50543 /* Badge.swift */,
				3FD9697A2BD20CE100E50543 /* BadgeBackground.swift */,
				3FD9697C2BD211D700E50543 /* BadgeSymbol.swift */,
				3FD9697E2BD212D600E50543 /* RotatedBadgeSymbol.swift */,
				3FD969782BD20B8300E50543 /* HexagonParameters.swift */,
			);
			path = Badges;
			sourceTree = "<group>";
		};
		3FD969872BD2159900E50543 /* Hikes */ = {
			isa = PBXGroup;
			children = (
				3FD969882BD2159900E50543 /* GraphCapsule.swift */,
				3FD969892BD2159900E50543 /* HikeGraph.swift */,
				3FD9698A2BD2159900E50543 /* HikeDetail.swift */,
				3FD9698B2BD2159900E50543 /* HikeView.swift */,
				3FC991292BDA17EA000F693E /* HikeBadge.swift */,
			);
			path = Hikes;
			sourceTree = "<group>";
		};
		3FD969902BD21B2B00E50543 /* Categories */ = {
			isa = PBXGroup;
			children = (
				3FD969912BD21B4500E50543 /* CategoryHome.swift */,
				3FD969932BD21CC500E50543 /* CategoryRow.swift */,
				3FD969952BD21E2300E50543 /* CategoryItem.swift */,
			);
			path = Categories;
			sourceTree = "<group>";
		};
/* End PBXGroup section */

/* Begin PBXNativeTarget section */
		3FC7A24E2BDB2F0500489DA9 /* WatchLandmarks Watch App */ = {
			isa = PBXNativeTarget;
			buildConfigurationList = 3FC7A2602BDB2F0600489DA9 /* Build configuration list for PBXNativeTarget "WatchLandmarks Watch App" */;
			buildPhases = (
				3FC7A24B2BDB2F0500489DA9 /* Sources */,
				3FC7A24C2BDB2F0500489DA9 /* Frameworks */,
				3FC7A24D2BDB2F0500489DA9 /* Resources */,
			);
			buildRules = (
			);
			dependencies = (
			);
			name = "WatchLandmarks Watch App";
			productName = "WatchLandmarks Watch App";
			productReference = 3FC7A24F2BDB2F0600489DA9 /* WatchLandmarks Watch App.app */;
			productType = "com.apple.product-type.application";
		};
		3FD969312BD0DC4300E50543 /* Landmarks */ = {
			isa = PBXNativeTarget;
			buildConfigurationList = 3FD969562BD0DC4400E50543 /* Build configuration list for PBXNativeTarget "Landmarks" */;
			buildPhases = (
				3FD9692E2BD0DC4300E50543 /* Sources */,
				3FD9692F2BD0DC4300E50543 /* Frameworks */,
				3FD969302BD0DC4300E50543 /* Resources */,
				3FC7A25D2BDB2F0600489DA9 /* Embed Watch Content */,
			);
			buildRules = (
			);
			dependencies = (
				3FC7A25B2BDB2F0600489DA9 /* PBXTargetDependency */,
			);
			name = Landmarks;
			productName = Landmarks;
			productReference = 3FD969322BD0DC4300E50543 /* Landmarks.app */;
			productType = "com.apple.product-type.application";
		};
		3FD969412BD0DC4400E50543 /* LandmarksTests */ = {
			isa = PBXNativeTarget;
			buildConfigurationList = 3FD969592BD0DC4400E50543 /* Build configuration list for PBXNativeTarget "LandmarksTests" */;
			buildPhases = (
				3FD9693E2BD0DC4400E50543 /* Sources */,
				3FD9693F2BD0DC4400E50543 /* Frameworks */,
				3FD969402BD0DC4400E50543 /* Resources */,
			);
			buildRules = (
			);
			dependencies = (
				3FD969442BD0DC4400E50543 /* PBXTargetDependency */,
			);
			name = LandmarksTests;
			productName = LandmarksTests;
			productReference = 3FD969422BD0DC4400E50543 /* LandmarksTests.xctest */;
			productType = "com.apple.product-type.bundle.unit-test";
		};
		3FD9694B2BD0DC4400E50543 /* LandmarksUITests */ = {
			isa = PBXNativeTarget;
			buildConfigurationList = 3FD9695C2BD0DC4400E50543 /* Build configuration list for PBXNativeTarget "LandmarksUITests" */;
			buildPhases = (
				3FD969482BD0DC4400E50543 /* Sources */,
				3FD969492BD0DC4400E50543 /* Frameworks */,
				3FD9694A2BD0DC4400E50543 /* Resources */,
			);
			buildRules = (
			);
			dependencies = (
				3FD9694E2BD0DC4400E50543 /* PBXTargetDependency */,
			);
			name = LandmarksUITests;
			productName = LandmarksUITests;
			productReference = 3FD9694C2BD0DC4400E50543 /* LandmarksUITests.xctest */;
			productType = "com.apple.product-type.bundle.ui-testing";
		};
/* End PBXNativeTarget section */

/* Begin PBXProject section */
		3FD9692A2BD0DC4300E50543 /* Project object */ = {
			isa = PBXProject;
			attributes = {
				BuildIndependentTargetsInParallel = 1;
				LastSwiftUpdateCheck = 1520;
				LastUpgradeCheck = 1520;
				TargetAttributes = {
					3FC7A24E2BDB2F0500489DA9 = {
						CreatedOnToolsVersion = 15.2;
					};
					3FD969312BD0DC4300E50543 = {
						CreatedOnToolsVersion = 15.2;
					};
					3FD969412BD0DC4400E50543 = {
						CreatedOnToolsVersion = 15.2;
						TestTargetID = 3FD969312BD0DC4300E50543;
					};
					3FD9694B2BD0DC4400E50543 = {
						CreatedOnToolsVersion = 15.2;
						TestTargetID = 3FD969312BD0DC4300E50543;
					};
				};
			};
			buildConfigurationList = 3FD9692D2BD0DC4300E50543 /* Build configuration list for PBXProject "Landmarks" */;
			compatibilityVersion = "Xcode 14.0";
			developmentRegion = en;
			hasScannedForEncodings = 0;
			knownRegions = (
				en,
				Base,
			);
			mainGroup = 3FD969292BD0DC4300E50543;
			productRefGroup = 3FD969332BD0DC4300E50543 /* Products */;
			projectDirPath = "";
			projectRoot = "";
			targets = (
				3FD969312BD0DC4300E50543 /* Landmarks */,
				3FD969412BD0DC4400E50543 /* LandmarksTests */,
				3FD9694B2BD0DC4400E50543 /* LandmarksUITests */,
				3FC7A24E2BDB2F0500489DA9 /* WatchLandmarks Watch App */,
			);
		};
/* End PBXProject section */

/* Begin PBXResourcesBuildPhase section */
		3FC7A24D2BDB2F0500489DA9 /* Resources */ = {
			isa = PBXResourcesBuildPhase;
			buildActionMask = 2147483647;
			files = (
				3FC7A2592BDB2F0600489DA9 /* Preview Assets.xcassets in Resources */,
				3FC7A26B2BDB30B200489DA9 /* landmarkData.json in Resources */,
				3FC7A26A2BDB30B200489DA9 /* hikeData.json in Resources */,
				3FC7A2562BDB2F0600489DA9 /* Assets.xcassets in Resources */,
				3FC7A26C2BDB30B200489DA9 /* Assets.xcassets in Resources */,
			);
			runOnlyForDeploymentPostprocessing = 0;
		};
		3FD969302BD0DC4300E50543 /* Resources */ = {
			isa = PBXResourcesBuildPhase;
			buildActionMask = 2147483647;
			files = (
				3FD969842BD2152F00E50543 /* hikeData.json in Resources */,
				3FD9693D2BD0DC4400E50543 /* Preview Assets.xcassets in Resources */,
				3FD9693A2BD0DC4400E50543 /* Assets.xcassets in Resources */,
				3FD969642BD0EF7800E50543 /* landmarkData.json in Resources */,
			);
			runOnlyForDeploymentPostprocessing = 0;
		};
		3FD969402BD0DC4400E50543 /* Resources */ = {
			isa = PBXResourcesBuildPhase;
			buildActionMask = 2147483647;
			files = (
			);
			runOnlyForDeploymentPostprocessing = 0;
		};
		3FD9694A2BD0DC4400E50543 /* Resources */ = {
			isa = PBXResourcesBuildPhase;
			buildActionMask = 2147483647;
			files = (
			);
			runOnlyForDeploymentPostprocessing = 0;
		};
/* End PBXResourcesBuildPhase section */

/* Begin PBXSourcesBuildPhase section */
		3FC7A24B2BDB2F0500489DA9 /* Sources */ = {
			isa = PBXSourcesBuildPhase;
			buildActionMask = 2147483647;
			files = (
				3FC7A2692BDB30B200489DA9 /* Hike.swift in Sources */,
				3FC7A2542BDB2F0600489DA9 /* ContentView.swift in Sources */,
				3FC7A2672BDB30B200489DA9 /* CircleImage.swift in Sources */,
				3FC7A2682BDB30B200489DA9 /* ModelData.swift in Sources */,
				3FC7A2652BDB30B200489DA9 /* LandmarkList.swift in Sources */,
				3FC7A2632BDB30B200489DA9 /* Profile.swift in Sources */,
				3FC7A2612BDB30B200489DA9 /* MapView.swift in Sources */,
				3FC7A2642BDB30B200489DA9 /* LandmarksApp.swift in Sources */,
				3FC7A2662BDB30B200489DA9 /* LandmarkRow.swift in Sources */,
				3FC7A2722BDB368D00489DA9 /* NotificationController.swift in Sources */,
				3FC7A2622BDB30B200489DA9 /* Landmark.swift in Sources */,
				3FC7A26E2BDB317900489DA9 /* LandmarkDetail.swift in Sources */,
				3FC7A2702BDB357500489DA9 /* NotificationView.swift in Sources */,
			);
			runOnlyForDeploymentPostprocessing = 0;
		};
		3FD9692E2BD0DC4300E50543 /* Sources */ = {
			isa = PBXSourcesBuildPhase;
			buildActionMask = 2147483647;
			files = (
				3FD969942BD21CC500E50543 /* CategoryRow.swift in Sources */,
				3FC991222BDA1563000F693E /* Profile.swift in Sources */,
				3FD969382BD0DC4300E50543 /* ContentView.swift in Sources */,
				3FD969922BD21B4500E50543 /* CategoryHome.swift in Sources */,
				3FC991312BDA22BE000F693E /* FeatureCard.swift in Sources */,
				3FD9698D2BD2159900E50543 /* HikeGraph.swift in Sources */,
				3FD969812BD2131A00E50543 /* Badge.swift in Sources */,
				3FD969622BD0EA2A00E50543 /* MapView.swift in Sources */,
				3FD9698C2BD2159900E50543 /* GraphCapsule.swift in Sources */,
				3FD969362BD0DC4300E50543 /* LandmarksApp.swift in Sources */,
				3FC991352BDA28C7000F693E /* PageControl.swift in Sources */,
				3FD969752BD206DE00E50543 /* FavoriteButton.swift in Sources */,
				3FD969962BD21E2300E50543 /* CategoryItem.swift in Sources */,
				3FD9698E2BD2159900E50543 /* HikeDetail.swift in Sources */,
				3FC991282BDA167F000F693E /* ProfileSummary.swift in Sources */,
				3FD969792BD20B8300E50543 /* HexagonParameters.swift in Sources */,
				3FC991262BDA162F000F693E /* ProfileHost.swift in Sources */,
				3FD969862BD2154200E50543 /* Hike.swift in Sources */,
				3FD9697F2BD212D600E50543 /* RotatedBadgeSymbol.swift in Sources */,
				3FC991332BDA2398000F693E /* PageView.swift in Sources */,
				3FD9697D2BD211D700E50543 /* BadgeSymbol.swift in Sources */,
				3FC9912C2BDA1CB4000F693E /* ProfileEditor.swift in Sources */,
				3FD9696F2BD1F7CC00E50543 /* LandmarkList.swift in Sources */,
				3FD9698F2BD2159900E50543 /* HikeView.swift in Sources */,
				3FD969732BD1FA3900E50543 /* LandmarkDetail.swift in Sources */,
				3FC9912F2BDA211F000F693E /* PageViewController.swift in Sources */,
				3FD9697B2BD20CE100E50543 /* BadgeBackground.swift in Sources */,
				3FC9912A2BDA17EA000F693E /* HikeBadge.swift in Sources */,
				3FD969602BD0E88F00E50543 /* CircleImage.swift in Sources */,
				3FD969662BD0EFA300E50543 /* Landmark.swift in Sources */,
				3FD9696D2BD1F4B300E50543 /* LandmarkRow.swift in Sources */,
				3FD969682BD0F24B00E50543 /* ModelData.swift in Sources */,
			);
			runOnlyForDeploymentPostprocessing = 0;
		};
		3FD9693E2BD0DC4400E50543 /* Sources */ = {
			isa = PBXSourcesBuildPhase;
			buildActionMask = 2147483647;
			files = (
				3FD969472BD0DC4400E50543 /* LandmarksTests.swift in Sources */,
			);
			runOnlyForDeploymentPostprocessing = 0;
		};
		3FD969482BD0DC4400E50543 /* Sources */ = {
			isa = PBXSourcesBuildPhase;
			buildActionMask = 2147483647;
			files = (
				3FD969532BD0DC4400E50543 /* LandmarksUITestsLaunchTests.swift in Sources */,
				3FD969512BD0DC4400E50543 /* LandmarksUITests.swift in Sources */,
			);
			runOnlyForDeploymentPostprocessing = 0;
		};
/* End PBXSourcesBuildPhase section */

/* Begin PBXTargetDependency section */
		3FC7A25B2BDB2F0600489DA9 /* PBXTargetDependency */ = {
			isa = PBXTargetDependency;
			target = 3FC7A24E2BDB2F0500489DA9 /* WatchLandmarks Watch App */;
			targetProxy = 3FC7A25A2BDB2F0600489DA9 /* PBXContainerItemProxy */;
		};
		3FD969442BD0DC4400E50543 /* PBXTargetDependency */ = {
			isa = PBXTargetDependency;
			target = 3FD969312BD0DC4300E50543 /* Landmarks */;
			targetProxy = 3FD969432BD0DC4400E50543 /* PBXContainerItemProxy */;
		};
		3FD9694E2BD0DC4400E50543 /* PBXTargetDependency */ = {
			isa = PBXTargetDependency;
			target = 3FD969312BD0DC4300E50543 /* Landmarks */;
			targetProxy = 3FD9694D2BD0DC4400E50543 /* PBXContainerItemProxy */;
		};
/* End PBXTargetDependency section */

/* Begin XCBuildConfiguration section */
		3FC7A25E2BDB2F0600489DA9 /* Debug */ = {
			isa = XCBuildConfiguration;
			buildSettings = {
				ASSETCATALOG_COMPILER_APPICON_NAME = AppIcon;
				ASSETCATALOG_COMPILER_GLOBAL_ACCENT_COLOR_NAME = AccentColor;
				CODE_SIGN_STYLE = Automatic;
				CURRENT_PROJECT_VERSION = 1;
				DEVELOPMENT_ASSET_PATHS = "\"WatchLandmarks Watch App/Preview Content\"";
				ENABLE_PREVIEWS = YES;
				GENERATE_INFOPLIST_FILE = YES;
				INFOPLIST_KEY_CFBundleDisplayName = WatchLandmarks;
				INFOPLIST_KEY_UISupportedInterfaceOrientations = "UIInterfaceOrientationPortrait UIInterfaceOrientationPortraitUpsideDown";
				INFOPLIST_KEY_WKCompanionAppBundleIdentifier = Derend.Landmarks;
				INFOPLIST_KEY_WKRunsIndependentlyOfCompanionApp = YES;
				LD_RUNPATH_SEARCH_PATHS = (
					"$(inherited)",
					"@executable_path/Frameworks",
				);
				MARKETING_VERSION = 1.0;
				PRODUCT_BUNDLE_IDENTIFIER = Derend.Landmarks.watchkitapp;
				PRODUCT_NAME = "$(TARGET_NAME)";
				SDKROOT = watchos;
				SKIP_INSTALL = YES;
				SWIFT_EMIT_LOC_STRINGS = YES;
				SWIFT_VERSION = 5.0;
				TARGETED_DEVICE_FAMILY = 4;
				WATCHOS_DEPLOYMENT_TARGET = 10.2;
			};
			name = Debug;
		};
		3FC7A25F2BDB2F0600489DA9 /* Release */ = {
			isa = XCBuildConfiguration;
			buildSettings = {
				ASSETCATALOG_COMPILER_APPICON_NAME = AppIcon;
				ASSETCATALOG_COMPILER_GLOBAL_ACCENT_COLOR_NAME = AccentColor;
				CODE_SIGN_STYLE = Automatic;
				CURRENT_PROJECT_VERSION = 1;
				DEVELOPMENT_ASSET_PATHS = "\"WatchLandmarks Watch App/Preview Content\"";
				ENABLE_PREVIEWS = YES;
				GENERATE_INFOPLIST_FILE = YES;
				INFOPLIST_KEY_CFBundleDisplayName = WatchLandmarks;
				INFOPLIST_KEY_UISupportedInterfaceOrientations = "UIInterfaceOrientationPortrait UIInterfaceOrientationPortraitUpsideDown";
				INFOPLIST_KEY_WKCompanionAppBundleIdentifier = Derend.Landmarks;
				INFOPLIST_KEY_WKRunsIndependentlyOfCompanionApp = YES;
				LD_RUNPATH_SEARCH_PATHS = (
					"$(inherited)",
					"@executable_path/Frameworks",
				);
				MARKETING_VERSION = 1.0;
				PRODUCT_BUNDLE_IDENTIFIER = Derend.Landmarks.watchkitapp;
				PRODUCT_NAME = "$(TARGET_NAME)";
				SDKROOT = watchos;
				SKIP_INSTALL = YES;
				SWIFT_EMIT_LOC_STRINGS = YES;
				SWIFT_VERSION = 5.0;
				TARGETED_DEVICE_FAMILY = 4;
				WATCHOS_DEPLOYMENT_TARGET = 10.2;
			};
			name = Release;
		};
		3FD969542BD0DC4400E50543 /* Debug */ = {
			isa = XCBuildConfiguration;
			buildSettings = {
				ALWAYS_SEARCH_USER_PATHS = NO;
				ASSETCATALOG_COMPILER_GENERATE_SWIFT_ASSET_SYMBOL_EXTENSIONS = YES;
				CLANG_ANALYZER_NONNULL = YES;
				CLANG_ANALYZER_NUMBER_OBJECT_CONVERSION = YES_AGGRESSIVE;
				CLANG_CXX_LANGUAGE_STANDARD = "gnu++20";
				CLANG_ENABLE_MODULES = YES;
				CLANG_ENABLE_OBJC_ARC = YES;
				CLANG_ENABLE_OBJC_WEAK = YES;
				CLANG_WARN_BLOCK_CAPTURE_AUTORELEASING = YES;
				CLANG_WARN_BOOL_CONVERSION = YES;
				CLANG_WARN_COMMA = YES;
				CLANG_WARN_CONSTANT_CONVERSION = YES;
				CLANG_WARN_DEPRECATED_OBJC_IMPLEMENTATIONS = YES;
				CLANG_WARN_DIRECT_OBJC_ISA_USAGE = YES_ERROR;
				CLANG_WARN_DOCUMENTATION_COMMENTS = YES;
				CLANG_WARN_EMPTY_BODY = YES;
				CLANG_WARN_ENUM_CONVERSION = YES;
				CLANG_WARN_INFINITE_RECURSION = YES;
				CLANG_WARN_INT_CONVERSION = YES;
				CLANG_WARN_NON_LITERAL_NULL_CONVERSION = YES;
				CLANG_WARN_OBJC_IMPLICIT_RETAIN_SELF = YES;
				CLANG_WARN_OBJC_LITERAL_CONVERSION = YES;
				CLANG_WARN_OBJC_ROOT_CLASS = YES_ERROR;
				CLANG_WARN_QUOTED_INCLUDE_IN_FRAMEWORK_HEADER = YES;
				CLANG_WARN_RANGE_LOOP_ANALYSIS = YES;
				CLANG_WARN_STRICT_PROTOTYPES = YES;
				CLANG_WARN_SUSPICIOUS_MOVE = YES;
				CLANG_WARN_UNGUARDED_AVAILABILITY = YES_AGGRESSIVE;
				CLANG_WARN_UNREACHABLE_CODE = YES;
				CLANG_WARN__DUPLICATE_METHOD_MATCH = YES;
				COPY_PHASE_STRIP = NO;
				DEBUG_INFORMATION_FORMAT = dwarf;
				ENABLE_STRICT_OBJC_MSGSEND = YES;
				ENABLE_TESTABILITY = YES;
				ENABLE_USER_SCRIPT_SANDBOXING = YES;
				GCC_C_LANGUAGE_STANDARD = gnu17;
				GCC_DYNAMIC_NO_PIC = NO;
				GCC_NO_COMMON_BLOCKS = YES;
				GCC_OPTIMIZATION_LEVEL = 0;
				GCC_PREPROCESSOR_DEFINITIONS = (
					"DEBUG=1",
					"$(inherited)",
				);
				GCC_WARN_64_TO_32_BIT_CONVERSION = YES;
				GCC_WARN_ABOUT_RETURN_TYPE = YES_ERROR;
				GCC_WARN_UNDECLARED_SELECTOR = YES;
				GCC_WARN_UNINITIALIZED_AUTOS = YES_AGGRESSIVE;
				GCC_WARN_UNUSED_FUNCTION = YES;
				GCC_WARN_UNUSED_VARIABLE = YES;
				IPHONEOS_DEPLOYMENT_TARGET = 17.2;
				LOCALIZATION_PREFERS_STRING_CATALOGS = YES;
				MTL_ENABLE_DEBUG_INFO = INCLUDE_SOURCE;
				MTL_FAST_MATH = YES;
				ONLY_ACTIVE_ARCH = YES;
				SDKROOT = iphoneos;
				SWIFT_ACTIVE_COMPILATION_CONDITIONS = "DEBUG $(inherited)";
				SWIFT_OPTIMIZATION_LEVEL = "-Onone";
			};
			name = Debug;
		};
		3FD969552BD0DC4400E50543 /* Release */ = {
			isa = XCBuildConfiguration;
			buildSettings = {
				ALWAYS_SEARCH_USER_PATHS = NO;
				ASSETCATALOG_COMPILER_GENERATE_SWIFT_ASSET_SYMBOL_EXTENSIONS = YES;
				CLANG_ANALYZER_NONNULL = YES;
				CLANG_ANALYZER_NUMBER_OBJECT_CONVERSION = YES_AGGRESSIVE;
				CLANG_CXX_LANGUAGE_STANDARD = "gnu++20";
				CLANG_ENABLE_MODULES = YES;
				CLANG_ENABLE_OBJC_ARC = YES;
				CLANG_ENABLE_OBJC_WEAK = YES;
				CLANG_WARN_BLOCK_CAPTURE_AUTORELEASING = YES;
				CLANG_WARN_BOOL_CONVERSION = YES;
				CLANG_WARN_COMMA = YES;
				CLANG_WARN_CONSTANT_CONVERSION = YES;
				CLANG_WARN_DEPRECATED_OBJC_IMPLEMENTATIONS = YES;
				CLANG_WARN_DIRECT_OBJC_ISA_USAGE = YES_ERROR;
				CLANG_WARN_DOCUMENTATION_COMMENTS = YES;
				CLANG_WARN_EMPTY_BODY = YES;
				CLANG_WARN_ENUM_CONVERSION = YES;
				CLANG_WARN_INFINITE_RECURSION = YES;
				CLANG_WARN_INT_CONVERSION = YES;
				CLANG_WARN_NON_LITERAL_NULL_CONVERSION = YES;
				CLANG_WARN_OBJC_IMPLICIT_RETAIN_SELF = YES;
				CLANG_WARN_OBJC_LITERAL_CONVERSION = YES;
				CLANG_WARN_OBJC_ROOT_CLASS = YES_ERROR;
				CLANG_WARN_QUOTED_INCLUDE_IN_FRAMEWORK_HEADER = YES;
				CLANG_WARN_RANGE_LOOP_ANALYSIS = YES;
				CLANG_WARN_STRICT_PROTOTYPES = YES;
				CLANG_WARN_SUSPICIOUS_MOVE = YES;
				CLANG_WARN_UNGUARDED_AVAILABILITY = YES_AGGRESSIVE;
				CLANG_WARN_UNREACHABLE_CODE = YES;
				CLANG_WARN__DUPLICATE_METHOD_MATCH = YES;
				COPY_PHASE_STRIP = NO;
				DEBUG_INFORMATION_FORMAT = "dwarf-with-dsym";
				ENABLE_NS_ASSERTIONS = NO;
				ENABLE_STRICT_OBJC_MSGSEND = YES;
				ENABLE_USER_SCRIPT_SANDBOXING = YES;
				GCC_C_LANGUAGE_STANDARD = gnu17;
				GCC_NO_COMMON_BLOCKS = YES;
				GCC_WARN_64_TO_32_BIT_CONVERSION = YES;
				GCC_WARN_ABOUT_RETURN_TYPE = YES_ERROR;
				GCC_WARN_UNDECLARED_SELECTOR = YES;
				GCC_WARN_UNINITIALIZED_AUTOS = YES_AGGRESSIVE;
				GCC_WARN_UNUSED_FUNCTION = YES;
				GCC_WARN_UNUSED_VARIABLE = YES;
				IPHONEOS_DEPLOYMENT_TARGET = 17.2;
				LOCALIZATION_PREFERS_STRING_CATALOGS = YES;
				MTL_ENABLE_DEBUG_INFO = NO;
				MTL_FAST_MATH = YES;
				SDKROOT = iphoneos;
				SWIFT_COMPILATION_MODE = wholemodule;
				VALIDATE_PRODUCT = YES;
			};
			name = Release;
		};
		3FD969572BD0DC4400E50543 /* Debug */ = {
			isa = XCBuildConfiguration;
			buildSettings = {
				ALWAYS_EMBED_SWIFT_STANDARD_LIBRARIES = YES;
				ASSETCATALOG_COMPILER_APPICON_NAME = AppIcon;
				ASSETCATALOG_COMPILER_GLOBAL_ACCENT_COLOR_NAME = AccentColor;
				CODE_SIGN_STYLE = Automatic;
				CURRENT_PROJECT_VERSION = 1;
				DEVELOPMENT_ASSET_PATHS = "\"Landmarks/Preview Content\"";
				ENABLE_PREVIEWS = YES;
				GENERATE_INFOPLIST_FILE = YES;
				INFOPLIST_KEY_UIApplicationSceneManifest_Generation = YES;
				INFOPLIST_KEY_UIApplicationSupportsIndirectInputEvents = YES;
				INFOPLIST_KEY_UILaunchScreen_Generation = YES;
				INFOPLIST_KEY_UISupportedInterfaceOrientations_iPad = "UIInterfaceOrientationPortrait UIInterfaceOrientationPortraitUpsideDown UIInterfaceOrientationLandscapeLeft UIInterfaceOrientationLandscapeRight";
				INFOPLIST_KEY_UISupportedInterfaceOrientations_iPhone = "UIInterfaceOrientationPortrait UIInterfaceOrientationLandscapeLeft UIInterfaceOrientationLandscapeRight";
				LD_RUNPATH_SEARCH_PATHS = (
					"$(inherited)",
					"@executable_path/Frameworks",
				);
				MARKETING_VERSION = 1.0;
				PRODUCT_BUNDLE_IDENTIFIER = Derend.Landmarks;
				PRODUCT_NAME = "$(TARGET_NAME)";
				SWIFT_EMIT_LOC_STRINGS = YES;
				SWIFT_VERSION = 5.0;
				TARGETED_DEVICE_FAMILY = "1,2";
			};
			name = Debug;
		};
		3FD969582BD0DC4400E50543 /* Release */ = {
			isa = XCBuildConfiguration;
			buildSettings = {
				ALWAYS_EMBED_SWIFT_STANDARD_LIBRARIES = YES;
				ASSETCATALOG_COMPILER_APPICON_NAME = AppIcon;
				ASSETCATALOG_COMPILER_GLOBAL_ACCENT_COLOR_NAME = AccentColor;
				CODE_SIGN_STYLE = Automatic;
				CURRENT_PROJECT_VERSION = 1;
				DEVELOPMENT_ASSET_PATHS = "\"Landmarks/Preview Content\"";
				ENABLE_PREVIEWS = YES;
				GENERATE_INFOPLIST_FILE = YES;
				INFOPLIST_KEY_UIApplicationSceneManifest_Generation = YES;
				INFOPLIST_KEY_UIApplicationSupportsIndirectInputEvents = YES;
				INFOPLIST_KEY_UILaunchScreen_Generation = YES;
				INFOPLIST_KEY_UISupportedInterfaceOrientations_iPad = "UIInterfaceOrientationPortrait UIInterfaceOrientationPortraitUpsideDown UIInterfaceOrientationLandscapeLeft UIInterfaceOrientationLandscapeRight";
				INFOPLIST_KEY_UISupportedInterfaceOrientations_iPhone = "UIInterfaceOrientationPortrait UIInterfaceOrientationLandscapeLeft UIInterfaceOrientationLandscapeRight";
				LD_RUNPATH_SEARCH_PATHS = (
					"$(inherited)",
					"@executable_path/Frameworks",
				);
				MARKETING_VERSION = 1.0;
				PRODUCT_BUNDLE_IDENTIFIER = Derend.Landmarks;
				PRODUCT_NAME = "$(TARGET_NAME)";
				SWIFT_EMIT_LOC_STRINGS = YES;
				SWIFT_VERSION = 5.0;
				TARGETED_DEVICE_FAMILY = "1,2";
			};
			name = Release;
		};
		3FD9695A2BD0DC4400E50543 /* Debug */ = {
			isa = XCBuildConfiguration;
			buildSettings = {
				ALWAYS_EMBED_SWIFT_STANDARD_LIBRARIES = YES;
				BUNDLE_LOADER = "$(TEST_HOST)";
				CODE_SIGN_STYLE = Automatic;
				CURRENT_PROJECT_VERSION = 1;
				GENERATE_INFOPLIST_FILE = YES;
				IPHONEOS_DEPLOYMENT_TARGET = 17.2;
				MARKETING_VERSION = 1.0;
				PRODUCT_BUNDLE_IDENTIFIER = Derend.LandmarksTests;
				PRODUCT_NAME = "$(TARGET_NAME)";
				SWIFT_EMIT_LOC_STRINGS = NO;
				SWIFT_VERSION = 5.0;
				TARGETED_DEVICE_FAMILY = "1,2";
				TEST_HOST = "$(BUILT_PRODUCTS_DIR)/Landmarks.app/$(BUNDLE_EXECUTABLE_FOLDER_PATH)/Landmarks";
			};
			name = Debug;
		};
		3FD9695B2BD0DC4400E50543 /* Release */ = {
			isa = XCBuildConfiguration;
			buildSettings = {
				ALWAYS_EMBED_SWIFT_STANDARD_LIBRARIES = YES;
				BUNDLE_LOADER = "$(TEST_HOST)";
				CODE_SIGN_STYLE = Automatic;
				CURRENT_PROJECT_VERSION = 1;
				GENERATE_INFOPLIST_FILE = YES;
				IPHONEOS_DEPLOYMENT_TARGET = 17.2;
				MARKETING_VERSION = 1.0;
				PRODUCT_BUNDLE_IDENTIFIER = Derend.LandmarksTests;
				PRODUCT_NAME = "$(TARGET_NAME)";
				SWIFT_EMIT_LOC_STRINGS = NO;
				SWIFT_VERSION = 5.0;
				TARGETED_DEVICE_FAMILY = "1,2";
				TEST_HOST = "$(BUILT_PRODUCTS_DIR)/Landmarks.app/$(BUNDLE_EXECUTABLE_FOLDER_PATH)/Landmarks";
			};
			name = Release;
		};
		3FD9695D2BD0DC4400E50543 /* Debug */ = {
			isa = XCBuildConfiguration;
			buildSettings = {
				ALWAYS_EMBED_SWIFT_STANDARD_LIBRARIES = YES;
				CODE_SIGN_STYLE = Automatic;
				CURRENT_PROJECT_VERSION = 1;
				GENERATE_INFOPLIST_FILE = YES;
				MARKETING_VERSION = 1.0;
				PRODUCT_BUNDLE_IDENTIFIER = Derend.LandmarksUITests;
				PRODUCT_NAME = "$(TARGET_NAME)";
				SWIFT_EMIT_LOC_STRINGS = NO;
				SWIFT_VERSION = 5.0;
				TARGETED_DEVICE_FAMILY = "1,2";
				TEST_TARGET_NAME = Landmarks;
			};
			name = Debug;
		};
		3FD9695E2BD0DC4400E50543 /* Release */ = {
			isa = XCBuildConfiguration;
			buildSettings = {
				ALWAYS_EMBED_SWIFT_STANDARD_LIBRARIES = YES;
				CODE_SIGN_STYLE = Automatic;
				CURRENT_PROJECT_VERSION = 1;
				GENERATE_INFOPLIST_FILE = YES;
				MARKETING_VERSION = 1.0;
				PRODUCT_BUNDLE_IDENTIFIER = Derend.LandmarksUITests;
				PRODUCT_NAME = "$(TARGET_NAME)";
				SWIFT_EMIT_LOC_STRINGS = NO;
				SWIFT_VERSION = 5.0;
				TARGETED_DEVICE_FAMILY = "1,2";
				TEST_TARGET_NAME = Landmarks;
			};
			name = Release;
		};
/* End XCBuildConfiguration section */

/* Begin XCConfigurationList section */
		3FC7A2602BDB2F0600489DA9 /* Build configuration list for PBXNativeTarget "WatchLandmarks Watch App" */ = {
			isa = XCConfigurationList;
			buildConfigurations = (
				3FC7A25E2BDB2F0600489DA9 /* Debug */,
				3FC7A25F2BDB2F0600489DA9 /* Release */,
			);
			defaultConfigurationIsVisible = 0;
			defaultConfigurationName = Release;
		};
		3FD9692D2BD0DC4300E50543 /* Build configuration list for PBXProject "Landmarks" */ = {
			isa = XCConfigurationList;
			buildConfigurations = (
				3FD969542BD0DC4400E50543 /* Debug */,
				3FD969552BD0DC4400E50543 /* Release */,
			);
			defaultConfigurationIsVisible = 0;
			defaultConfigurationName = Release;
		};
		3FD969562BD0DC4400E50543 /* Build configuration list for PBXNativeTarget "Landmarks" */ = {
			isa = XCConfigurationList;
			buildConfigurations = (
				3FD969572BD0DC4400E50543 /* Debug */,
				3FD969582BD0DC4400E50543 /* Release */,
			);
			defaultConfigurationIsVisible = 0;
			defaultConfigurationName = Release;
		};
		3FD969592BD0DC4400E50543 /* Build configuration list for PBXNativeTarget "LandmarksTests" */ = {
			isa = XCConfigurationList;
			buildConfigurations = (
				3FD9695A2BD0DC4400E50543 /* Debug */,
				3FD9695B2BD0DC4400E50543 /* Release */,
			);
			defaultConfigurationIsVisible = 0;
			defaultConfigurationName = Release;
		};
		3FD9695C2BD0DC4400E50543 /* Build configuration list for PBXNativeTarget "LandmarksUITests" */ = {
			isa = XCConfigurationList;
			buildConfigurations = (
				3FD9695D2BD0DC4400E50543 /* Debug */,
				3FD9695E2BD0DC4400E50543 /* Release */,
			);
			defaultConfigurationIsVisible = 0;
			defaultConfigurationName = Release;
		};
/* End XCConfigurationList section */
	};
	rootObject = 3FD9692A2BD0DC4300E50543 /* Project object */;
}
